// !$*UTF8*$!
{
	archiveVersion = 1;
	classes = {
	};
	objectVersion = 46;
	objects = {

/* Begin PBXBuildFile section */
		5B1A481B170E139900D81762 /* DropboxSDK.framework in Frameworks */ = {isa = PBXBuildFile; fileRef = 5B1A481A170E139900D81762 /* DropboxSDK.framework */; };
		5B1A481C170E13C000D81762 /* Security.framework in Frameworks */ = {isa = PBXBuildFile; fileRef = 5B8942C417076DDE00A618C7 /* Security.framework */; };
		5B1A481D170E13C600D81762 /* QuartzCore.framework in Frameworks */ = {isa = PBXBuildFile; fileRef = 5B8942C817076DEC00A618C7 /* QuartzCore.framework */; };
		5B4466A617089FC000A42D7C /* Dropbox@2x.png in Resources */ = {isa = PBXBuildFile; fileRef = 5B4466A517089FC000A42D7C /* Dropbox@2x.png */; };
		5B4466AB1708B12A00A42D7C /* LocalStorage.m in Sources */ = {isa = PBXBuildFile; fileRef = 5B4466AA1708B12A00A42D7C /* LocalStorage.m */; };
		5B4466AE1708B20500A42D7C /* DropboxStorage.m in Sources */ = {isa = PBXBuildFile; fileRef = 5B4466AD1708B20500A42D7C /* DropboxStorage.m */; };
		5B4466B11708C05D00A42D7C /* NewDatabaseViewController.m in Sources */ = {isa = PBXBuildFile; fileRef = 5B4466B01708C05D00A42D7C /* NewDatabaseViewController.m */; };
		5B4F2577170EE67400609904 /* Dropbox.m in Sources */ = {isa = PBXBuildFile; fileRef = 5B4F2576170EE67400609904 /* Dropbox.m */; };
		5B59E1FE1708311400AEC98D /* DatabasesViewController.m in Sources */ = {isa = PBXBuildFile; fileRef = 5B59E1FD1708311400AEC98D /* DatabasesViewController.m */; };
		5B8942D2170773EC00A618C7 /* PasswordViewController.m in Sources */ = {isa = PBXBuildFile; fileRef = 5B8942D1170773EC00A618C7 /* PasswordViewController.m */; };
		5B8942D51707837800A618C7 /* SettingsViewController.m in Sources */ = {isa = PBXBuildFile; fileRef = 5B8942D41707837800A618C7 /* SettingsViewController.m */; };
		5B9D48C117195AB80010F064 /* UIViewController+ActivityIndicator.m in Sources */ = {isa = PBXBuildFile; fileRef = 5B9D48BE17195AB80010F064 /* UIViewController+ActivityIndicator.m */; };
		5B9D48C217195AB80010F064 /* UIViewController+Alert.m in Sources */ = {isa = PBXBuildFile; fileRef = 5B9D48C017195AB80010F064 /* UIViewController+Alert.m */; };
		5BA8611C18E6BEA5009D9A8B /* MBProgressHUD.m in Sources */ = {isa = PBXBuildFile; fileRef = 5BA8611818E6BEA5009D9A8B /* MBProgressHUD.m */; };
		5BA8611D18E6BEA5009D9A8B /* GDataXMLNode.m in Sources */ = {isa = PBXBuildFile; fileRef = 5BA8611B18E6BEA5009D9A8B /* GDataXMLNode.m */; settings = {COMPILER_FLAGS = "-fno-objc-arc"; }; };
		5BA8612D18E6C6E7009D9A8B /* SettingsModalViewController.m in Sources */ = {isa = PBXBuildFile; fileRef = 5BA8612C18E6C6E7009D9A8B /* SettingsModalViewController.m */; };
		5BBDB012170B8A8900439235 /* Database+Display.m in Sources */ = {isa = PBXBuildFile; fileRef = 5BBDB011170B8A8900439235 /* Database+Display.m */; };
		5BBDB016170B8B6100439235 /* UIView+Animation.m in Sources */ = {isa = PBXBuildFile; fileRef = 5BBDB015170B8B6100439235 /* UIView+Animation.m */; };
		5BBDB01A170B8C6800439235 /* TripleDES.m in Sources */ = {isa = PBXBuildFile; fileRef = 5BBDB019170B8C6800439235 /* TripleDES.m */; };
		5BBDB01D170B95C100439235 /* NewPasswordViewController.m in Sources */ = {isa = PBXBuildFile; fileRef = 5BBDB01C170B95C100439235 /* NewPasswordViewController.m */; };
		5BD5664218E6CD590077A954 /* DatabasesModalViewController.m in Sources */ = {isa = PBXBuildFile; fileRef = 5BD5664118E6CD590077A954 /* DatabasesModalViewController.m */; };
		5BD5664618E6CE680077A954 /* EditFolderModalViewController.m in Sources */ = {isa = PBXBuildFile; fileRef = 5BD5664518E6CE680077A954 /* EditFolderModalViewController.m */; };
		5BD5664A18E6D2D00077A954 /* EditItemModalViewController.m in Sources */ = {isa = PBXBuildFile; fileRef = 5BD5664918E6D2D00077A954 /* EditItemModalViewController.m */; };
		5BD5664F18E6D4C80077A954 /* NewDatabaseModalViewController.m in Sources */ = {isa = PBXBuildFile; fileRef = 5BD5664E18E6D4C80077A954 /* NewDatabaseModalViewController.m */; };
		5BD5665418E6D6800077A954 /* NewPasswordModalViewController.m in Sources */ = {isa = PBXBuildFile; fileRef = 5BD5665318E6D6800077A954 /* NewPasswordModalViewController.m */; };
		5BD5665818E6D7770077A954 /* PasswordModalViewController.m in Sources */ = {isa = PBXBuildFile; fileRef = 5BD5665718E6D7770077A954 /* PasswordModalViewController.m */; };
		5BD5665D18E730FF0077A954 /* SRActionSheet.m in Sources */ = {isa = PBXBuildFile; fileRef = 5BD5665C18E730FF0077A954 /* SRActionSheet.m */; };
		5BD5666018E741530077A954 /* DatabaseCell.m in Sources */ = {isa = PBXBuildFile; fileRef = 5BD5665F18E741530077A954 /* DatabaseCell.m */; };
		5BD5666318E742500077A954 /* FolderCell.m in Sources */ = {isa = PBXBuildFile; fileRef = 5BD5666218E742500077A954 /* FolderCell.m */; };
		5BD5666618E7425D0077A954 /* ItemCell.m in Sources */ = {isa = PBXBuildFile; fileRef = 5BD5666518E7425D0077A954 /* ItemCell.m */; };
		5BD5666818E762F30077A954 /* Icon.png in Resources */ = {isa = PBXBuildFile; fileRef = 5BD5666718E762F30077A954 /* Icon.png */; };
		5BF812A51706E83E00039E45 /* UIKit.framework in Frameworks */ = {isa = PBXBuildFile; fileRef = 5BF812A41706E83E00039E45 /* UIKit.framework */; };
		5BF812A71706E83E00039E45 /* Foundation.framework in Frameworks */ = {isa = PBXBuildFile; fileRef = 5BF812A61706E83E00039E45 /* Foundation.framework */; };
		5BF812A91706E83E00039E45 /* CoreGraphics.framework in Frameworks */ = {isa = PBXBuildFile; fileRef = 5BF812A81706E83E00039E45 /* CoreGraphics.framework */; };
		5BF812AF1706E83E00039E45 /* InfoPlist.strings in Resources */ = {isa = PBXBuildFile; fileRef = 5BF812AD1706E83E00039E45 /* InfoPlist.strings */; };
		5BF812B11706E83E00039E45 /* Main.m in Sources */ = {isa = PBXBuildFile; fileRef = 5BF812B01706E83E00039E45 /* Main.m */; };
		5BF812B51706E83E00039E45 /* AppDelegate.m in Sources */ = {isa = PBXBuildFile; fileRef = 5BF812B41706E83E00039E45 /* AppDelegate.m */; };
		5BF812B71706E83E00039E45 /* Default.png in Resources */ = {isa = PBXBuildFile; fileRef = 5BF812B61706E83E00039E45 /* Default.png */; };
		5BF812B91706E83E00039E45 /* Default@2x.png in Resources */ = {isa = PBXBuildFile; fileRef = 5BF812B81706E83E00039E45 /* Default@2x.png */; };
		5BF812BB1706E83E00039E45 /* Default-568h@2x.png in Resources */ = {isa = PBXBuildFile; fileRef = 5BF812BA1706E83E00039E45 /* Default-568h@2x.png */; };
		5BF812BE1706E83E00039E45 /* iPhone.storyboard in Resources */ = {isa = PBXBuildFile; fileRef = 5BF812BC1706E83E00039E45 /* iPhone.storyboard */; };
		5BF812C41706E83E00039E45 /* FolderViewController.m in Sources */ = {isa = PBXBuildFile; fileRef = 5BF812C31706E83E00039E45 /* FolderViewController.m */; };
		5BF8130D1706FEFA00039E45 /* Node.m in Sources */ = {isa = PBXBuildFile; fileRef = 5BF8130C1706FEFA00039E45 /* Node.m */; };
		5BF813101706FF0C00039E45 /* Folder.m in Sources */ = {isa = PBXBuildFile; fileRef = 5BF8130F1706FF0C00039E45 /* Folder.m */; };
		5BF813131706FF3100039E45 /* Item.m in Sources */ = {isa = PBXBuildFile; fileRef = 5BF813121706FF3100039E45 /* Item.m */; };
		5BF8131E1707145C00039E45 /* ItemViewController.m in Sources */ = {isa = PBXBuildFile; fileRef = 5BF8131D1707145C00039E45 /* ItemViewController.m */; };
		5BF8132A1707543E00039E45 /* Database.m in Sources */ = {isa = PBXBuildFile; fileRef = 5BF813291707543E00039E45 /* Database.m */; };
		5BFB94CC170A138200459F8E /* EditFolderViewController.m in Sources */ = {isa = PBXBuildFile; fileRef = 5BFB94CB170A138200459F8E /* EditFolderViewController.m */; };
		5BFB94D0170A279600459F8E /* EditItemViewController.m in Sources */ = {isa = PBXBuildFile; fileRef = 5BFB94CF170A279600459F8E /* EditItemViewController.m */; };
/* End PBXBuildFile section */

/* Begin PBXFileReference section */
		5B1A481A170E139900D81762 /* DropboxSDK.framework */ = {isa = PBXFileReference; lastKnownFileType = wrapper.framework; name = DropboxSDK.framework; path = Sherlock/DropboxSDK.framework; sourceTree = "<group>"; };
		5B4466A517089FC000A42D7C /* Dropbox@2x.png */ = {isa = PBXFileReference; lastKnownFileType = image.png; path = "Dropbox@2x.png"; sourceTree = "<group>"; };
		5B4466A81708AEF600A42D7C /* Storage.h */ = {isa = PBXFileReference; lastKnownFileType = sourcecode.c.h; path = Storage.h; sourceTree = "<group>"; };
		5B4466A91708B12A00A42D7C /* LocalStorage.h */ = {isa = PBXFileReference; fileEncoding = 4; lastKnownFileType = sourcecode.c.h; path = LocalStorage.h; sourceTree = "<group>"; };
		5B4466AA1708B12A00A42D7C /* LocalStorage.m */ = {isa = PBXFileReference; fileEncoding = 4; lastKnownFileType = sourcecode.c.objc; path = LocalStorage.m; sourceTree = "<group>"; };
		5B4466AC1708B20500A42D7C /* DropboxStorage.h */ = {isa = PBXFileReference; fileEncoding = 4; lastKnownFileType = sourcecode.c.h; path = DropboxStorage.h; sourceTree = "<group>"; };
		5B4466AD1708B20500A42D7C /* DropboxStorage.m */ = {isa = PBXFileReference; fileEncoding = 4; lastKnownFileType = sourcecode.c.objc; path = DropboxStorage.m; sourceTree = "<group>"; };
		5B4466AF1708C05D00A42D7C /* NewDatabaseViewController.h */ = {isa = PBXFileReference; fileEncoding = 4; lastKnownFileType = sourcecode.c.h; path = NewDatabaseViewController.h; sourceTree = "<group>"; };
		5B4466B01708C05D00A42D7C /* NewDatabaseViewController.m */ = {isa = PBXFileReference; fileEncoding = 4; lastKnownFileType = sourcecode.c.objc; path = NewDatabaseViewController.m; sourceTree = "<group>"; };
		5B4F2575170EE67400609904 /* Dropbox.h */ = {isa = PBXFileReference; fileEncoding = 4; lastKnownFileType = sourcecode.c.h; path = Dropbox.h; sourceTree = "<group>"; };
		5B4F2576170EE67400609904 /* Dropbox.m */ = {isa = PBXFileReference; fileEncoding = 4; lastKnownFileType = sourcecode.c.objc; path = Dropbox.m; sourceTree = "<group>"; };
		5B59E1FC1708311400AEC98D /* DatabasesViewController.h */ = {isa = PBXFileReference; fileEncoding = 4; lastKnownFileType = sourcecode.c.h; path = DatabasesViewController.h; sourceTree = "<group>"; };
		5B59E1FD1708311400AEC98D /* DatabasesViewController.m */ = {isa = PBXFileReference; fileEncoding = 4; lastKnownFileType = sourcecode.c.objc; path = DatabasesViewController.m; sourceTree = "<group>"; };
		5B8942C217076DD600A618C7 /* CFNetwork.framework */ = {isa = PBXFileReference; lastKnownFileType = wrapper.framework; name = CFNetwork.framework; path = System/Library/Frameworks/CFNetwork.framework; sourceTree = SDKROOT; };
		5B8942C417076DDE00A618C7 /* Security.framework */ = {isa = PBXFileReference; lastKnownFileType = wrapper.framework; name = Security.framework; path = System/Library/Frameworks/Security.framework; sourceTree = SDKROOT; };
		5B8942C617076DE600A618C7 /* SystemConfiguration.framework */ = {isa = PBXFileReference; lastKnownFileType = wrapper.framework; name = SystemConfiguration.framework; path = System/Library/Frameworks/SystemConfiguration.framework; sourceTree = SDKROOT; };
		5B8942C817076DEC00A618C7 /* QuartzCore.framework */ = {isa = PBXFileReference; lastKnownFileType = wrapper.framework; name = QuartzCore.framework; path = System/Library/Frameworks/QuartzCore.framework; sourceTree = SDKROOT; };
		5B8942D0170773EC00A618C7 /* PasswordViewController.h */ = {isa = PBXFileReference; fileEncoding = 4; lastKnownFileType = sourcecode.c.h; path = PasswordViewController.h; sourceTree = "<group>"; };
		5B8942D1170773EC00A618C7 /* PasswordViewController.m */ = {isa = PBXFileReference; fileEncoding = 4; lastKnownFileType = sourcecode.c.objc; path = PasswordViewController.m; sourceTree = "<group>"; };
		5B8942D31707837800A618C7 /* SettingsViewController.h */ = {isa = PBXFileReference; fileEncoding = 4; lastKnownFileType = sourcecode.c.h; path = SettingsViewController.h; sourceTree = "<group>"; };
		5B8942D41707837800A618C7 /* SettingsViewController.m */ = {isa = PBXFileReference; fileEncoding = 4; lastKnownFileType = sourcecode.c.objc; path = SettingsViewController.m; sourceTree = "<group>"; };
		5B9D48BD17195AB80010F064 /* UIViewController+ActivityIndicator.h */ = {isa = PBXFileReference; fileEncoding = 4; lastKnownFileType = sourcecode.c.h; path = "UIViewController+ActivityIndicator.h"; sourceTree = "<group>"; };
		5B9D48BE17195AB80010F064 /* UIViewController+ActivityIndicator.m */ = {isa = PBXFileReference; fileEncoding = 4; lastKnownFileType = sourcecode.c.objc; path = "UIViewController+ActivityIndicator.m"; sourceTree = "<group>"; };
		5B9D48BF17195AB80010F064 /* UIViewController+Alert.h */ = {isa = PBXFileReference; fileEncoding = 4; lastKnownFileType = sourcecode.c.h; path = "UIViewController+Alert.h"; sourceTree = "<group>"; };
		5B9D48C017195AB80010F064 /* UIViewController+Alert.m */ = {isa = PBXFileReference; fileEncoding = 4; lastKnownFileType = sourcecode.c.objc; path = "UIViewController+Alert.m"; sourceTree = "<group>"; };
		5BA8611718E6BEA5009D9A8B /* MBProgressHUD.h */ = {isa = PBXFileReference; fileEncoding = 4; lastKnownFileType = sourcecode.c.h; path = MBProgressHUD.h; sourceTree = "<group>"; };
		5BA8611818E6BEA5009D9A8B /* MBProgressHUD.m */ = {isa = PBXFileReference; fileEncoding = 4; lastKnownFileType = sourcecode.c.objc; path = MBProgressHUD.m; sourceTree = "<group>"; };
		5BA8611A18E6BEA5009D9A8B /* GDataXMLNode.h */ = {isa = PBXFileReference; fileEncoding = 4; lastKnownFileType = sourcecode.c.h; path = GDataXMLNode.h; sourceTree = "<group>"; };
		5BA8611B18E6BEA5009D9A8B /* GDataXMLNode.m */ = {isa = PBXFileReference; fileEncoding = 4; lastKnownFileType = sourcecode.c.objc; path = GDataXMLNode.m; sourceTree = "<group>"; };
		5BA8612B18E6C6E7009D9A8B /* SettingsModalViewController.h */ = {isa = PBXFileReference; fileEncoding = 4; lastKnownFileType = sourcecode.c.h; path = SettingsModalViewController.h; sourceTree = "<group>"; };
		5BA8612C18E6C6E7009D9A8B /* SettingsModalViewController.m */ = {isa = PBXFileReference; fileEncoding = 4; lastKnownFileType = sourcecode.c.objc; path = SettingsModalViewController.m; sourceTree = "<group>"; };
		5BBDB010170B8A8900439235 /* Database+Display.h */ = {isa = PBXFileReference; fileEncoding = 4; lastKnownFileType = sourcecode.c.h; path = "Database+Display.h"; sourceTree = "<group>"; };
		5BBDB011170B8A8900439235 /* Database+Display.m */ = {isa = PBXFileReference; fileEncoding = 4; lastKnownFileType = sourcecode.c.objc; path = "Database+Display.m"; sourceTree = "<group>"; };
		5BBDB014170B8B6100439235 /* UIView+Animation.h */ = {isa = PBXFileReference; fileEncoding = 4; lastKnownFileType = sourcecode.c.h; path = "UIView+Animation.h"; sourceTree = "<group>"; };
		5BBDB015170B8B6100439235 /* UIView+Animation.m */ = {isa = PBXFileReference; fileEncoding = 4; lastKnownFileType = sourcecode.c.objc; path = "UIView+Animation.m"; sourceTree = "<group>"; };
		5BBDB018170B8C6800439235 /* TripleDES.h */ = {isa = PBXFileReference; fileEncoding = 4; lastKnownFileType = sourcecode.c.h; path = TripleDES.h; sourceTree = "<group>"; };
		5BBDB019170B8C6800439235 /* TripleDES.m */ = {isa = PBXFileReference; fileEncoding = 4; lastKnownFileType = sourcecode.c.objc; path = TripleDES.m; sourceTree = "<group>"; };
		5BBDB01B170B95C100439235 /* NewPasswordViewController.h */ = {isa = PBXFileReference; fileEncoding = 4; lastKnownFileType = sourcecode.c.h; path = NewPasswordViewController.h; sourceTree = "<group>"; };
		5BBDB01C170B95C100439235 /* NewPasswordViewController.m */ = {isa = PBXFileReference; fileEncoding = 4; lastKnownFileType = sourcecode.c.objc; path = NewPasswordViewController.m; sourceTree = "<group>"; };
		5BD5664018E6CD590077A954 /* DatabasesModalViewController.h */ = {isa = PBXFileReference; fileEncoding = 4; lastKnownFileType = sourcecode.c.h; path = DatabasesModalViewController.h; sourceTree = "<group>"; };
		5BD5664118E6CD590077A954 /* DatabasesModalViewController.m */ = {isa = PBXFileReference; fileEncoding = 4; lastKnownFileType = sourcecode.c.objc; path = DatabasesModalViewController.m; sourceTree = "<group>"; };
		5BD5664418E6CE680077A954 /* EditFolderModalViewController.h */ = {isa = PBXFileReference; fileEncoding = 4; lastKnownFileType = sourcecode.c.h; path = EditFolderModalViewController.h; sourceTree = "<group>"; };
		5BD5664518E6CE680077A954 /* EditFolderModalViewController.m */ = {isa = PBXFileReference; fileEncoding = 4; lastKnownFileType = sourcecode.c.objc; path = EditFolderModalViewController.m; sourceTree = "<group>"; };
		5BD5664818E6D2D00077A954 /* EditItemModalViewController.h */ = {isa = PBXFileReference; fileEncoding = 4; lastKnownFileType = sourcecode.c.h; path = EditItemModalViewController.h; sourceTree = "<group>"; };
		5BD5664918E6D2D00077A954 /* EditItemModalViewController.m */ = {isa = PBXFileReference; fileEncoding = 4; lastKnownFileType = sourcecode.c.objc; path = EditItemModalViewController.m; sourceTree = "<group>"; };
		5BD5664D18E6D4C80077A954 /* NewDatabaseModalViewController.h */ = {isa = PBXFileReference; fileEncoding = 4; lastKnownFileType = sourcecode.c.h; path = NewDatabaseModalViewController.h; sourceTree = "<group>"; };
		5BD5664E18E6D4C80077A954 /* NewDatabaseModalViewController.m */ = {isa = PBXFileReference; fileEncoding = 4; lastKnownFileType = sourcecode.c.objc; path = NewDatabaseModalViewController.m; sourceTree = "<group>"; };
		5BD5665218E6D6800077A954 /* NewPasswordModalViewController.h */ = {isa = PBXFileReference; fileEncoding = 4; lastKnownFileType = sourcecode.c.h; path = NewPasswordModalViewController.h; sourceTree = "<group>"; };
		5BD5665318E6D6800077A954 /* NewPasswordModalViewController.m */ = {isa = PBXFileReference; fileEncoding = 4; lastKnownFileType = sourcecode.c.objc; path = NewPasswordModalViewController.m; sourceTree = "<group>"; };
		5BD5665618E6D7770077A954 /* PasswordModalViewController.h */ = {isa = PBXFileReference; fileEncoding = 4; lastKnownFileType = sourcecode.c.h; path = PasswordModalViewController.h; sourceTree = "<group>"; };
		5BD5665718E6D7770077A954 /* PasswordModalViewController.m */ = {isa = PBXFileReference; fileEncoding = 4; lastKnownFileType = sourcecode.c.objc; path = PasswordModalViewController.m; sourceTree = "<group>"; };
		5BD5665B18E730FF0077A954 /* SRActionSheet.h */ = {isa = PBXFileReference; fileEncoding = 4; lastKnownFileType = sourcecode.c.h; path = SRActionSheet.h; sourceTree = "<group>"; };
		5BD5665C18E730FF0077A954 /* SRActionSheet.m */ = {isa = PBXFileReference; fileEncoding = 4; lastKnownFileType = sourcecode.c.objc; path = SRActionSheet.m; sourceTree = "<group>"; };
		5BD5665E18E741530077A954 /* DatabaseCell.h */ = {isa = PBXFileReference; fileEncoding = 4; lastKnownFileType = sourcecode.c.h; path = DatabaseCell.h; sourceTree = "<group>"; };
		5BD5665F18E741530077A954 /* DatabaseCell.m */ = {isa = PBXFileReference; fileEncoding = 4; lastKnownFileType = sourcecode.c.objc; path = DatabaseCell.m; sourceTree = "<group>"; };
		5BD5666118E742500077A954 /* FolderCell.h */ = {isa = PBXFileReference; fileEncoding = 4; lastKnownFileType = sourcecode.c.h; path = FolderCell.h; sourceTree = "<group>"; };
		5BD5666218E742500077A954 /* FolderCell.m */ = {isa = PBXFileReference; fileEncoding = 4; lastKnownFileType = sourcecode.c.objc; path = FolderCell.m; sourceTree = "<group>"; };
		5BD5666418E7425D0077A954 /* ItemCell.h */ = {isa = PBXFileReference; fileEncoding = 4; lastKnownFileType = sourcecode.c.h; path = ItemCell.h; sourceTree = "<group>"; };
		5BD5666518E7425D0077A954 /* ItemCell.m */ = {isa = PBXFileReference; fileEncoding = 4; lastKnownFileType = sourcecode.c.objc; path = ItemCell.m; sourceTree = "<group>"; };
		5BD5666718E762F30077A954 /* Icon.png */ = {isa = PBXFileReference; lastKnownFileType = image.png; path = Icon.png; sourceTree = "<group>"; };
		5BF812A01706E83E00039E45 /* Sherlock.app */ = {isa = PBXFileReference; explicitFileType = wrapper.application; includeInIndex = 0; path = Sherlock.app; sourceTree = BUILT_PRODUCTS_DIR; };
		5BF812A41706E83E00039E45 /* UIKit.framework */ = {isa = PBXFileReference; lastKnownFileType = wrapper.framework; name = UIKit.framework; path = System/Library/Frameworks/UIKit.framework; sourceTree = SDKROOT; };
		5BF812A61706E83E00039E45 /* Foundation.framework */ = {isa = PBXFileReference; lastKnownFileType = wrapper.framework; name = Foundation.framework; path = System/Library/Frameworks/Foundation.framework; sourceTree = SDKROOT; };
		5BF812A81706E83E00039E45 /* CoreGraphics.framework */ = {isa = PBXFileReference; lastKnownFileType = wrapper.framework; name = CoreGraphics.framework; path = System/Library/Frameworks/CoreGraphics.framework; sourceTree = SDKROOT; };
		5BF812AC1706E83E00039E45 /* Sherlock-Info.plist */ = {isa = PBXFileReference; lastKnownFileType = text.plist.xml; path = "Sherlock-Info.plist"; sourceTree = "<group>"; };
		5BF812AE1706E83E00039E45 /* en */ = {isa = PBXFileReference; lastKnownFileType = text.plist.strings; name = en; path = en.lproj/InfoPlist.strings; sourceTree = "<group>"; };
		5BF812B01706E83E00039E45 /* Main.m */ = {isa = PBXFileReference; lastKnownFileType = sourcecode.c.objc; path = Main.m; sourceTree = "<group>"; };
		5BF812B21706E83E00039E45 /* Sherlock-Prefix.pch */ = {isa = PBXFileReference; lastKnownFileType = sourcecode.c.h; path = "Sherlock-Prefix.pch"; sourceTree = "<group>"; };
		5BF812B31706E83E00039E45 /* AppDelegate.h */ = {isa = PBXFileReference; lastKnownFileType = sourcecode.c.h; path = AppDelegate.h; sourceTree = "<group>"; };
		5BF812B41706E83E00039E45 /* AppDelegate.m */ = {isa = PBXFileReference; lastKnownFileType = sourcecode.c.objc; path = AppDelegate.m; sourceTree = "<group>"; };
		5BF812B61706E83E00039E45 /* Default.png */ = {isa = PBXFileReference; lastKnownFileType = image.png; path = Default.png; sourceTree = "<group>"; };
		5BF812B81706E83E00039E45 /* Default@2x.png */ = {isa = PBXFileReference; lastKnownFileType = image.png; path = "Default@2x.png"; sourceTree = "<group>"; };
		5BF812BA1706E83E00039E45 /* Default-568h@2x.png */ = {isa = PBXFileReference; lastKnownFileType = image.png; path = "Default-568h@2x.png"; sourceTree = "<group>"; };
		5BF812BD1706E83E00039E45 /* en */ = {isa = PBXFileReference; lastKnownFileType = file.storyboard; name = en; path = en.lproj/iPhone.storyboard; sourceTree = "<group>"; };
		5BF812C21706E83E00039E45 /* FolderViewController.h */ = {isa = PBXFileReference; lastKnownFileType = sourcecode.c.h; path = FolderViewController.h; sourceTree = "<group>"; };
		5BF812C31706E83E00039E45 /* FolderViewController.m */ = {isa = PBXFileReference; lastKnownFileType = sourcecode.c.objc; path = FolderViewController.m; sourceTree = "<group>"; };
		5BF8130B1706FEFA00039E45 /* Node.h */ = {isa = PBXFileReference; fileEncoding = 4; lastKnownFileType = sourcecode.c.h; path = Node.h; sourceTree = "<group>"; };
		5BF8130C1706FEFA00039E45 /* Node.m */ = {isa = PBXFileReference; fileEncoding = 4; lastKnownFileType = sourcecode.c.objc; path = Node.m; sourceTree = "<group>"; };
		5BF8130E1706FF0C00039E45 /* Folder.h */ = {isa = PBXFileReference; fileEncoding = 4; lastKnownFileType = sourcecode.c.h; path = Folder.h; sourceTree = "<group>"; };
		5BF8130F1706FF0C00039E45 /* Folder.m */ = {isa = PBXFileReference; fileEncoding = 4; lastKnownFileType = sourcecode.c.objc; path = Folder.m; sourceTree = "<group>"; };
		5BF813111706FF3100039E45 /* Item.h */ = {isa = PBXFileReference; fileEncoding = 4; lastKnownFileType = sourcecode.c.h; path = Item.h; sourceTree = "<group>"; };
		5BF813121706FF3100039E45 /* Item.m */ = {isa = PBXFileReference; fileEncoding = 4; lastKnownFileType = sourcecode.c.objc; path = Item.m; sourceTree = "<group>"; };
		5BF8131C1707145C00039E45 /* ItemViewController.h */ = {isa = PBXFileReference; fileEncoding = 4; lastKnownFileType = sourcecode.c.h; path = ItemViewController.h; sourceTree = "<group>"; };
		5BF8131D1707145C00039E45 /* ItemViewController.m */ = {isa = PBXFileReference; fileEncoding = 4; lastKnownFileType = sourcecode.c.objc; path = ItemViewController.m; sourceTree = "<group>"; };
		5BF813281707543E00039E45 /* Database.h */ = {isa = PBXFileReference; fileEncoding = 4; lastKnownFileType = sourcecode.c.h; path = Database.h; sourceTree = "<group>"; };
		5BF813291707543E00039E45 /* Database.m */ = {isa = PBXFileReference; fileEncoding = 4; lastKnownFileType = sourcecode.c.objc; path = Database.m; sourceTree = "<group>"; };
		5BFB94CA170A138200459F8E /* EditFolderViewController.h */ = {isa = PBXFileReference; fileEncoding = 4; lastKnownFileType = sourcecode.c.h; path = EditFolderViewController.h; sourceTree = "<group>"; };
		5BFB94CB170A138200459F8E /* EditFolderViewController.m */ = {isa = PBXFileReference; fileEncoding = 4; lastKnownFileType = sourcecode.c.objc; path = EditFolderViewController.m; sourceTree = "<group>"; };
		5BFB94CE170A279500459F8E /* EditItemViewController.h */ = {isa = PBXFileReference; fileEncoding = 4; lastKnownFileType = sourcecode.c.h; path = EditItemViewController.h; sourceTree = "<group>"; };
		5BFB94CF170A279600459F8E /* EditItemViewController.m */ = {isa = PBXFileReference; fileEncoding = 4; lastKnownFileType = sourcecode.c.objc; path = EditItemViewController.m; sourceTree = "<group>"; };
/* End PBXFileReference section */

/* Begin PBXFrameworksBuildPhase section */
		5BF8129D1706E83E00039E45 /* Frameworks */ = {
			isa = PBXFrameworksBuildPhase;
			buildActionMask = 2147483647;
			files = (
				5B1A481D170E13C600D81762 /* QuartzCore.framework in Frameworks */,
				5B1A481C170E13C000D81762 /* Security.framework in Frameworks */,
				5BF812A51706E83E00039E45 /* UIKit.framework in Frameworks */,
				5BF812A71706E83E00039E45 /* Foundation.framework in Frameworks */,
				5BF812A91706E83E00039E45 /* CoreGraphics.framework in Frameworks */,
				5B1A481B170E139900D81762 /* DropboxSDK.framework in Frameworks */,
			);
			runOnlyForDeploymentPostprocessing = 0;
		};
/* End PBXFrameworksBuildPhase section */

/* Begin PBXGroup section */
		5B245DAD170C289F000FBDB9 /* Icons */ = {
			isa = PBXGroup;
			children = (
				5BD5666718E762F30077A954 /* Icon.png */,
			);
			name = Icons;
			sourceTree = "<group>";
		};
		5B4466A71708AEBD00A42D7C /* Storage */ = {
			isa = PBXGroup;
			children = (
				5B4466A81708AEF600A42D7C /* Storage.h */,
				5B4466A91708B12A00A42D7C /* LocalStorage.h */,
				5B4466AA1708B12A00A42D7C /* LocalStorage.m */,
				5B4466AC1708B20500A42D7C /* DropboxStorage.h */,
				5B4466AD1708B20500A42D7C /* DropboxStorage.m */,
			);
			name = Storage;
			sourceTree = "<group>";
		};
		5B59E1FF1708337600AEC98D /* Resources */ = {
			isa = PBXGroup;
			children = (
				5B59E2031708338F00AEC98D /* Images */,
				5B245DAD170C289F000FBDB9 /* Icons */,
			);
			name = Resources;
			sourceTree = "<group>";
		};
		5B59E2031708338F00AEC98D /* Images */ = {
			isa = PBXGroup;
			children = (
				5B4466A517089FC000A42D7C /* Dropbox@2x.png */,
			);
			name = Images;
			path = Sherlock/Images;
			sourceTree = "<group>";
		};
		5BA8611618E6BEA5009D9A8B /* MBProgressHUD */ = {
			isa = PBXGroup;
			children = (
				5BA8611718E6BEA5009D9A8B /* MBProgressHUD.h */,
				5BA8611818E6BEA5009D9A8B /* MBProgressHUD.m */,
			);
			name = MBProgressHUD;
			path = Libraries/MBProgressHUD;
			sourceTree = SOURCE_ROOT;
		};
		5BA8611918E6BEA5009D9A8B /* GDataXML */ = {
			isa = PBXGroup;
			children = (
				5BA8611A18E6BEA5009D9A8B /* GDataXMLNode.h */,
				5BA8611B18E6BEA5009D9A8B /* GDataXMLNode.m */,
			);
			name = GDataXML;
			path = Libraries/GDataXML;
			sourceTree = SOURCE_ROOT;
		};
		5BA8611E18E6BF0F009D9A8B /* DatabasesViewController */ = {
			isa = PBXGroup;
			children = (
				5B59E1FC1708311400AEC98D /* DatabasesViewController.h */,
				5B59E1FD1708311400AEC98D /* DatabasesViewController.m */,
				5BD5665E18E741530077A954 /* DatabaseCell.h */,
				5BD5665F18E741530077A954 /* DatabaseCell.m */,
			);
			name = DatabasesViewController;
			sourceTree = "<group>";
		};
		5BA8611F18E6BF1C009D9A8B /* PasswordViewController */ = {
			isa = PBXGroup;
			children = (
				5B8942D0170773EC00A618C7 /* PasswordViewController.h */,
				5B8942D1170773EC00A618C7 /* PasswordViewController.m */,
			);
			name = PasswordViewController;
			sourceTree = "<group>";
		};
		5BA8612018E6BF22009D9A8B /* NewDatabaseViewController */ = {
			isa = PBXGroup;
			children = (
				5B4466AF1708C05D00A42D7C /* NewDatabaseViewController.h */,
				5B4466B01708C05D00A42D7C /* NewDatabaseViewController.m */,
			);
			name = NewDatabaseViewController;
			sourceTree = "<group>";
		};
		5BA8612118E6BF28009D9A8B /* FolderViewController */ = {
			isa = PBXGroup;
			children = (
				5BF812C21706E83E00039E45 /* FolderViewController.h */,
				5BF812C31706E83E00039E45 /* FolderViewController.m */,
				5BD5666118E742500077A954 /* FolderCell.h */,
				5BD5666218E742500077A954 /* FolderCell.m */,
				5BD5666418E7425D0077A954 /* ItemCell.h */,
				5BD5666518E7425D0077A954 /* ItemCell.m */,
			);
			name = FolderViewController;
			sourceTree = "<group>";
		};
		5BA8612318E6BF35009D9A8B /* ItemViewController */ = {
			isa = PBXGroup;
			children = (
				5BF8131C1707145C00039E45 /* ItemViewController.h */,
				5BF8131D1707145C00039E45 /* ItemViewController.m */,
			);
			name = ItemViewController;
			sourceTree = "<group>";
		};
		5BA8612418E6BF3B009D9A8B /* EditFolderViewController */ = {
			isa = PBXGroup;
			children = (
				5BFB94CA170A138200459F8E /* EditFolderViewController.h */,
				5BFB94CB170A138200459F8E /* EditFolderViewController.m */,
			);
			name = EditFolderViewController;
			sourceTree = "<group>";
		};
		5BA8612518E6BF41009D9A8B /* EditItemViewController */ = {
			isa = PBXGroup;
			children = (
				5BFB94CE170A279500459F8E /* EditItemViewController.h */,
				5BFB94CF170A279600459F8E /* EditItemViewController.m */,
			);
			name = EditItemViewController;
			sourceTree = "<group>";
		};
		5BA8612618E6BF4A009D9A8B /* NewPasswordViewController */ = {
			isa = PBXGroup;
			children = (
				5BBDB01B170B95C100439235 /* NewPasswordViewController.h */,
				5BBDB01C170B95C100439235 /* NewPasswordViewController.m */,
			);
			name = NewPasswordViewController;
			sourceTree = "<group>";
		};
		5BA8612718E6BF51009D9A8B /* SettingsViewController */ = {
			isa = PBXGroup;
			children = (
				5B8942D31707837800A618C7 /* SettingsViewController.h */,
				5B8942D41707837800A618C7 /* SettingsViewController.m */,
			);
			name = SettingsViewController;
			sourceTree = "<group>";
		};
		5BA8612818E6BF61009D9A8B /* Utilities */ = {
			isa = PBXGroup;
			children = (
				5BBDB010170B8A8900439235 /* Database+Display.h */,
				5BBDB011170B8A8900439235 /* Database+Display.m */,
				5BBDB014170B8B6100439235 /* UIView+Animation.h */,
				5BBDB015170B8B6100439235 /* UIView+Animation.m */,
				5B9D48BD17195AB80010F064 /* UIViewController+ActivityIndicator.h */,
				5B9D48BE17195AB80010F064 /* UIViewController+ActivityIndicator.m */,
				5B9D48BF17195AB80010F064 /* UIViewController+Alert.h */,
				5B9D48C017195AB80010F064 /* UIViewController+Alert.m */,
			);
			name = Utilities;
			sourceTree = "<group>";
		};
		5BA8612918E6BF69009D9A8B /* ViewControllers */ = {
			isa = PBXGroup;
			children = (
				5BD5664318E6CD5E0077A954 /* DatabasesModalViewController */,
				5BA8611E18E6BF0F009D9A8B /* DatabasesViewController */,
				5BD5664718E6CEAD0077A954 /* EditFolderModalViewController */,
				5BA8612418E6BF3B009D9A8B /* EditFolderViewController */,
				5BD5664B18E6D2D60077A954 /* EditItemModalViewController */,
				5BA8612518E6BF41009D9A8B /* EditItemViewController */,
				5BA8612118E6BF28009D9A8B /* FolderViewController */,
				5BA8612318E6BF35009D9A8B /* ItemViewController */,
				5BD5665018E6D50E0077A954 /* NewDatabaseModalViewController */,
				5BA8612018E6BF22009D9A8B /* NewDatabaseViewController */,
				5BD5665518E6D68D0077A954 /* NewPasswordModalViewController */,
				5BA8612618E6BF4A009D9A8B /* NewPasswordViewController */,
				5BD5665918E6D77E0077A954 /* PasswordModalViewController */,
				5BA8611F18E6BF1C009D9A8B /* PasswordViewController */,
				5BA8612A18E6C6D2009D9A8B /* SettingsModalViewController */,
				5BA8612718E6BF51009D9A8B /* SettingsViewController */,
			);
			name = ViewControllers;
			sourceTree = "<group>";
		};
		5BA8612A18E6C6D2009D9A8B /* SettingsModalViewController */ = {
			isa = PBXGroup;
			children = (
				5BA8612B18E6C6E7009D9A8B /* SettingsModalViewController.h */,
				5BA8612C18E6C6E7009D9A8B /* SettingsModalViewController.m */,
			);
			name = SettingsModalViewController;
			sourceTree = "<group>";
		};
		5BBDB017170B8C4A00439235 /* Utilities */ = {
			isa = PBXGroup;
			children = (
				5B4F2575170EE67400609904 /* Dropbox.h */,
				5B4F2576170EE67400609904 /* Dropbox.m */,
				5BBDB018170B8C6800439235 /* TripleDES.h */,
				5BBDB019170B8C6800439235 /* TripleDES.m */,
			);
			name = Utilities;
			sourceTree = "<group>";
		};
		5BD5664318E6CD5E0077A954 /* DatabasesModalViewController */ = {
			isa = PBXGroup;
			children = (
				5BD5664018E6CD590077A954 /* DatabasesModalViewController.h */,
				5BD5664118E6CD590077A954 /* DatabasesModalViewController.m */,
			);
			name = DatabasesModalViewController;
			sourceTree = "<group>";
		};
		5BD5664718E6CEAD0077A954 /* EditFolderModalViewController */ = {
			isa = PBXGroup;
			children = (
				5BD5664418E6CE680077A954 /* EditFolderModalViewController.h */,
				5BD5664518E6CE680077A954 /* EditFolderModalViewController.m */,
			);
			name = EditFolderModalViewController;
			sourceTree = "<group>";
		};
		5BD5664B18E6D2D60077A954 /* EditItemModalViewController */ = {
			isa = PBXGroup;
			children = (
				5BD5664818E6D2D00077A954 /* EditItemModalViewController.h */,
				5BD5664918E6D2D00077A954 /* EditItemModalViewController.m */,
			);
			name = EditItemModalViewController;
			sourceTree = "<group>";
		};
		5BD5665018E6D50E0077A954 /* NewDatabaseModalViewController */ = {
			isa = PBXGroup;
			children = (
				5BD5664D18E6D4C80077A954 /* NewDatabaseModalViewController.h */,
				5BD5664E18E6D4C80077A954 /* NewDatabaseModalViewController.m */,
			);
			name = NewDatabaseModalViewController;
			sourceTree = "<group>";
		};
		5BD5665518E6D68D0077A954 /* NewPasswordModalViewController */ = {
			isa = PBXGroup;
			children = (
				5BD5665218E6D6800077A954 /* NewPasswordModalViewController.h */,
				5BD5665318E6D6800077A954 /* NewPasswordModalViewController.m */,
			);
			name = NewPasswordModalViewController;
			sourceTree = "<group>";
		};
		5BD5665918E6D77E0077A954 /* PasswordModalViewController */ = {
			isa = PBXGroup;
			children = (
				5BD5665618E6D7770077A954 /* PasswordModalViewController.h */,
				5BD5665718E6D7770077A954 /* PasswordModalViewController.m */,
			);
			name = PasswordModalViewController;
			sourceTree = "<group>";
		};
		5BD5665A18E730FF0077A954 /* SRActionSheet */ = {
			isa = PBXGroup;
			children = (
				5BD5665B18E730FF0077A954 /* SRActionSheet.h */,
				5BD5665C18E730FF0077A954 /* SRActionSheet.m */,
			);
			name = SRActionSheet;
			path = Libraries/SRActionSheet;
			sourceTree = SOURCE_ROOT;
		};
		5BF812951706E83E00039E45 = {
			isa = PBXGroup;
			children = (
				5BF812AA1706E83E00039E45 /* Sherlock */,
				5B59E1FF1708337600AEC98D /* Resources */,
				5BF812AB1706E83E00039E45 /* Supporting Files */,
				5BF8132317071CF800039E45 /* Libraries */,
				5BF812A31706E83E00039E45 /* Frameworks */,
				5BF812A11706E83E00039E45 /* Products */,
			);
			sourceTree = "<group>";
		};
		5BF812A11706E83E00039E45 /* Products */ = {
			isa = PBXGroup;
			children = (
				5BF812A01706E83E00039E45 /* Sherlock.app */,
			);
			name = Products;
			sourceTree = "<group>";
		};
		5BF812A31706E83E00039E45 /* Frameworks */ = {
			isa = PBXGroup;
			children = (
				5B8942C217076DD600A618C7 /* CFNetwork.framework */,
				5BF812A81706E83E00039E45 /* CoreGraphics.framework */,
				5B1A481A170E139900D81762 /* DropboxSDK.framework */,
				5BF812A61706E83E00039E45 /* Foundation.framework */,
				5B8942C817076DEC00A618C7 /* QuartzCore.framework */,
				5B8942C417076DDE00A618C7 /* Security.framework */,
				5B8942C617076DE600A618C7 /* SystemConfiguration.framework */,
				5BF812A41706E83E00039E45 /* UIKit.framework */,
			);
			name = Frameworks;
			sourceTree = "<group>";
		};
		5BF812AA1706E83E00039E45 /* Sherlock */ = {
			isa = PBXGroup;
			children = (
				5BF8130A1706FEBD00039E45 /* Database */,
				5B4466A71708AEBD00A42D7C /* Storage */,
				5BF813091706FE8800039E45 /* UI */,
				5BBDB017170B8C4A00439235 /* Utilities */,
				5BF812B31706E83E00039E45 /* AppDelegate.h */,
				5BF812B41706E83E00039E45 /* AppDelegate.m */,
				5BF812B01706E83E00039E45 /* Main.m */,
			);
			path = Sherlock;
			sourceTree = "<group>";
		};
		5BF812AB1706E83E00039E45 /* Supporting Files */ = {
			isa = PBXGroup;
			children = (
				5BF812AC1706E83E00039E45 /* Sherlock-Info.plist */,
				5BF812AD1706E83E00039E45 /* InfoPlist.strings */,
				5BF812B21706E83E00039E45 /* Sherlock-Prefix.pch */,
				5BF812B61706E83E00039E45 /* Default.png */,
				5BF812B81706E83E00039E45 /* Default@2x.png */,
				5BF812BA1706E83E00039E45 /* Default-568h@2x.png */,
			);
			name = "Supporting Files";
			path = Sherlock;
			sourceTree = "<group>";
		};
		5BF813091706FE8800039E45 /* UI */ = {
			isa = PBXGroup;
			children = (
				5BA8612918E6BF69009D9A8B /* ViewControllers */,
				5BA8612818E6BF61009D9A8B /* Utilities */,
				5BF812BC1706E83E00039E45 /* iPhone.storyboard */,
			);
			name = UI;
			sourceTree = "<group>";
		};
		5BF8130A1706FEBD00039E45 /* Database */ = {
			isa = PBXGroup;
			children = (
				5BF813281707543E00039E45 /* Database.h */,
				5BF813291707543E00039E45 /* Database.m */,
				5BF8130B1706FEFA00039E45 /* Node.h */,
				5BF8130C1706FEFA00039E45 /* Node.m */,
				5BF8130E1706FF0C00039E45 /* Folder.h */,
				5BF8130F1706FF0C00039E45 /* Folder.m */,
				5BF813111706FF3100039E45 /* Item.h */,
				5BF813121706FF3100039E45 /* Item.m */,
			);
			name = Database;
			sourceTree = "<group>";
		};
		5BF8132317071CF800039E45 /* Libraries */ = {
			isa = PBXGroup;
			children = (
				5BD5665A18E730FF0077A954 /* SRActionSheet */,
				5BA8611618E6BEA5009D9A8B /* MBProgressHUD */,
				5BA8611918E6BEA5009D9A8B /* GDataXML */,
			);
			name = Libraries;
			path = Sherlock;
			sourceTree = "<group>";
		};
/* End PBXGroup section */

/* Begin PBXNativeTarget section */
		5BF8129F1706E83E00039E45 /* Sherlock */ = {
			isa = PBXNativeTarget;
			buildConfigurationList = 5BF812CA1706E83E00039E45 /* Build configuration list for PBXNativeTarget "Sherlock" */;
			buildPhases = (
				5BF8129C1706E83E00039E45 /* Sources */,
				5BF8129D1706E83E00039E45 /* Frameworks */,
				5BF8129E1706E83E00039E45 /* Resources */,
			);
			buildRules = (
			);
			dependencies = (
			);
			name = Sherlock;
			productName = Sherlock;
			productReference = 5BF812A01706E83E00039E45 /* Sherlock.app */;
			productType = "com.apple.product-type.application";
		};
/* End PBXNativeTarget section */

/* Begin PBXProject section */
		5BF812971706E83E00039E45 /* Project object */ = {
			isa = PBXProject;
			attributes = {
				LastUpgradeCheck = 0510;
				ORGANIZATIONNAME = Softtool;
			};
			buildConfigurationList = 5BF8129A1706E83E00039E45 /* Build configuration list for PBXProject "Sherlock" */;
			compatibilityVersion = "Xcode 3.2";
			developmentRegion = English;
			hasScannedForEncodings = 0;
			knownRegions = (
				en,
			);
			mainGroup = 5BF812951706E83E00039E45;
			productRefGroup = 5BF812A11706E83E00039E45 /* Products */;
			projectDirPath = "";
			projectRoot = "";
			targets = (
				5BF8129F1706E83E00039E45 /* Sherlock */,
			);
		};
/* End PBXProject section */

/* Begin PBXResourcesBuildPhase section */
		5BF8129E1706E83E00039E45 /* Resources */ = {
			isa = PBXResourcesBuildPhase;
			buildActionMask = 2147483647;
			files = (
				5BF812AF1706E83E00039E45 /* InfoPlist.strings in Resources */,
				5BF812B71706E83E00039E45 /* Default.png in Resources */,
				5BF812B91706E83E00039E45 /* Default@2x.png in Resources */,
				5BF812BB1706E83E00039E45 /* Default-568h@2x.png in Resources */,
				5BF812BE1706E83E00039E45 /* iPhone.storyboard in Resources */,
				5BD5666818E762F30077A954 /* Icon.png in Resources */,
				5B4466A617089FC000A42D7C /* Dropbox@2x.png in Resources */,
			);
			runOnlyForDeploymentPostprocessing = 0;
		};
/* End PBXResourcesBuildPhase section */

/* Begin PBXSourcesBuildPhase section */
		5BF8129C1706E83E00039E45 /* Sources */ = {
			isa = PBXSourcesBuildPhase;
			buildActionMask = 2147483647;
			files = (
				5BD5666618E7425D0077A954 /* ItemCell.m in Sources */,
				5BF812B11706E83E00039E45 /* Main.m in Sources */,
				5BF812B51706E83E00039E45 /* AppDelegate.m in Sources */,
				5BD5666018E741530077A954 /* DatabaseCell.m in Sources */,
				5BF812C41706E83E00039E45 /* FolderViewController.m in Sources */,
				5BF8130D1706FEFA00039E45 /* Node.m in Sources */,
				5BD5664F18E6D4C80077A954 /* NewDatabaseModalViewController.m in Sources */,
				5BF813101706FF0C00039E45 /* Folder.m in Sources */,
				5BF813131706FF3100039E45 /* Item.m in Sources */,
				5BF8131E1707145C00039E45 /* ItemViewController.m in Sources */,
				5BD5665418E6D6800077A954 /* NewPasswordModalViewController.m in Sources */,
				5BF8132A1707543E00039E45 /* Database.m in Sources */,
				5BD5665818E6D7770077A954 /* PasswordModalViewController.m in Sources */,
				5BD5664618E6CE680077A954 /* EditFolderModalViewController.m in Sources */,
				5BD5665D18E730FF0077A954 /* SRActionSheet.m in Sources */,
				5BD5664A18E6D2D00077A954 /* EditItemModalViewController.m in Sources */,
				5B8942D2170773EC00A618C7 /* PasswordViewController.m in Sources */,
				5BD5664218E6CD590077A954 /* DatabasesModalViewController.m in Sources */,
				5B8942D51707837800A618C7 /* SettingsViewController.m in Sources */,
				5B59E1FE1708311400AEC98D /* DatabasesViewController.m in Sources */,
				5BA8612D18E6C6E7009D9A8B /* SettingsModalViewController.m in Sources */,
				5B4466AB1708B12A00A42D7C /* LocalStorage.m in Sources */,
				5B4466AE1708B20500A42D7C /* DropboxStorage.m in Sources */,
				5B4466B11708C05D00A42D7C /* NewDatabaseViewController.m in Sources */,
				5BFB94CC170A138200459F8E /* EditFolderViewController.m in Sources */,
				5BFB94D0170A279600459F8E /* EditItemViewController.m in Sources */,
				5BA8611D18E6BEA5009D9A8B /* GDataXMLNode.m in Sources */,
				5BA8611C18E6BEA5009D9A8B /* MBProgressHUD.m in Sources */,
				5BBDB012170B8A8900439235 /* Database+Display.m in Sources */,
				5BBDB016170B8B6100439235 /* UIView+Animation.m in Sources */,
				5BBDB01A170B8C6800439235 /* TripleDES.m in Sources */,
				5BBDB01D170B95C100439235 /* NewPasswordViewController.m in Sources */,
				5BD5666318E742500077A954 /* FolderCell.m in Sources */,
				5B4F2577170EE67400609904 /* Dropbox.m in Sources */,
				5B9D48C117195AB80010F064 /* UIViewController+ActivityIndicator.m in Sources */,
				5B9D48C217195AB80010F064 /* UIViewController+Alert.m in Sources */,
			);
			runOnlyForDeploymentPostprocessing = 0;
		};
/* End PBXSourcesBuildPhase section */

/* Begin PBXVariantGroup section */
		5BF812AD1706E83E00039E45 /* InfoPlist.strings */ = {
			isa = PBXVariantGroup;
			children = (
				5BF812AE1706E83E00039E45 /* en */,
			);
			name = InfoPlist.strings;
			sourceTree = "<group>";
		};
		5BF812BC1706E83E00039E45 /* iPhone.storyboard */ = {
			isa = PBXVariantGroup;
			children = (
				5BF812BD1706E83E00039E45 /* en */,
			);
			name = iPhone.storyboard;
			sourceTree = "<group>";
		};
/* End PBXVariantGroup section */

/* Begin XCBuildConfiguration section */
		5BF812C81706E83E00039E45 /* Debug */ = {
			isa = XCBuildConfiguration;
			buildSettings = {
				ALWAYS_SEARCH_USER_PATHS = NO;
				CLANG_CXX_LANGUAGE_STANDARD = "gnu++0x";
				CLANG_CXX_LIBRARY = "libc++";
				CLANG_ENABLE_OBJC_ARC = YES;
				CLANG_WARN_EMPTY_BODY = YES;
				CLANG_WARN__DUPLICATE_METHOD_MATCH = YES;
				"CODE_SIGN_IDENTITY[sdk=iphoneos*]" = "iPhone Developer";
				COPY_PHASE_STRIP = NO;
				GCC_C_LANGUAGE_STANDARD = gnu99;
				GCC_DYNAMIC_NO_PIC = NO;
				GCC_OPTIMIZATION_LEVEL = 0;
				GCC_PREPROCESSOR_DEFINITIONS = (
					"DEBUG=1",
					"$(inherited)",
				);
				GCC_SYMBOLS_PRIVATE_EXTERN = NO;
				GCC_WARN_ABOUT_RETURN_TYPE = YES;
				GCC_WARN_UNINITIALIZED_AUTOS = YES;
				GCC_WARN_UNUSED_VARIABLE = YES;
				HEADER_SEARCH_PATHS = /usr/include/libxml2;
				IPHONEOS_DEPLOYMENT_TARGET = 7.0;
				ONLY_ACTIVE_ARCH = YES;
				OTHER_LDFLAGS = "-lxml2";
				SDKROOT = iphoneos;
				TARGETED_DEVICE_FAMILY = "1,2";
			};
			name = Debug;
		};
		5BF812C91706E83E00039E45 /* Release */ = {
			isa = XCBuildConfiguration;
			buildSettings = {
				ALWAYS_SEARCH_USER_PATHS = NO;
				CLANG_CXX_LANGUAGE_STANDARD = "gnu++0x";
				CLANG_CXX_LIBRARY = "libc++";
				CLANG_ENABLE_OBJC_ARC = YES;
				CLANG_WARN_EMPTY_BODY = YES;
				CLANG_WARN__DUPLICATE_METHOD_MATCH = YES;
				"CODE_SIGN_IDENTITY[sdk=iphoneos*]" = "iPhone Developer";
				COPY_PHASE_STRIP = YES;
				GCC_C_LANGUAGE_STANDARD = gnu99;
				GCC_WARN_ABOUT_RETURN_TYPE = YES;
				GCC_WARN_UNINITIALIZED_AUTOS = YES;
				GCC_WARN_UNUSED_VARIABLE = YES;
				HEADER_SEARCH_PATHS = /usr/include/libxml2;
				IPHONEOS_DEPLOYMENT_TARGET = 7.0;
				OTHER_CFLAGS = "-DNS_BLOCK_ASSERTIONS=1";
				OTHER_LDFLAGS = "-lxml2";
				SDKROOT = iphoneos;
				TARGETED_DEVICE_FAMILY = "1,2";
				VALIDATE_PRODUCT = YES;
			};
			name = Release;
		};
		5BF812CB1706E83E00039E45 /* Debug */ = {
			isa = XCBuildConfiguration;
			buildSettings = {
				CODE_SIGN_IDENTITY = "iPhone Developer";
				FRAMEWORK_SEARCH_PATHS = (
					"$(inherited)",
					"\"$(SRCROOT)\"",
					"\"$(SRCROOT)/Sherlock\"",
				);
				GCC_PRECOMPILE_PREFIX_HEADER = YES;
				GCC_PREFIX_HEADER = "Sherlock/Sherlock-Prefix.pch";
				INFOPLIST_FILE = "Sherlock/Sherlock-Info.plist";
				IPHONEOS_DEPLOYMENT_TARGET = 5.0;
				PRODUCT_NAME = "$(TARGET_NAME)";
				PROVISIONING_PROFILE = "";
				TARGETED_DEVICE_FAMILY = 1;
				WRAPPER_EXTENSION = app;
			};
			name = Debug;
		};
		5BF812CC1706E83E00039E45 /* Release */ = {
			isa = XCBuildConfiguration;
			buildSettings = {
				CODE_SIGN_IDENTITY = "iPhone Developer";
				FRAMEWORK_SEARCH_PATHS = (
					"$(inherited)",
					"\"$(SRCROOT)\"",
					"\"$(SRCROOT)/Sherlock\"",
				);
				GCC_PRECOMPILE_PREFIX_HEADER = YES;
				GCC_PREFIX_HEADER = "Sherlock/Sherlock-Prefix.pch";
				INFOPLIST_FILE = "Sherlock/Sherlock-Info.plist";
				IPHONEOS_DEPLOYMENT_TARGET = 5.0;
				PRODUCT_NAME = "$(TARGET_NAME)";
				PROVISIONING_PROFILE = "";
				TARGETED_DEVICE_FAMILY = 1;
				WRAPPER_EXTENSION = app;
			};
			name = Release;
		};
/* End XCBuildConfiguration section */

/* Begin XCConfigurationList section */
		5BF8129A1706E83E00039E45 /* Build configuration list for PBXProject "Sherlock" */ = {
			isa = XCConfigurationList;
			buildConfigurations = (
				5BF812C81706E83E00039E45 /* Debug */,
				5BF812C91706E83E00039E45 /* Release */,
			);
			defaultConfigurationIsVisible = 0;
			defaultConfigurationName = Release;
		};
		5BF812CA1706E83E00039E45 /* Build configuration list for PBXNativeTarget "Sherlock" */ = {
			isa = XCConfigurationList;
			buildConfigurations = (
				5BF812CB1706E83E00039E45 /* Debug */,
				5BF812CC1706E83E00039E45 /* Release */,
			);
			defaultConfigurationIsVisible = 0;
			defaultConfigurationName = Release;
		};
/* End XCConfigurationList section */
	};
	rootObject = 5BF812971706E83E00039E45 /* Project object */;
}
